
Microsoft Visual Studio Solution File, Format Version 12.00
# Visual Studio Version 16
VisualStudioVersion = 16.0.30907.101
MinimumVisualStudioVersion = 10.0.40219.1
Project("{9A19103F-16F7-4668-BE54-9A1E7A4F7556}") = "PeopleManagement", "PeopleManagement\PeopleManagement.csproj", "{7274364F-17DE-442E-8E1F-FE4C9BCB0633}"
EndProject
Project("{FAE04EC0-301F-11D3-BF4B-00C04F79EFBC}") = "DataAccess", "DataAccess\DataAccess.csproj", "{C3712E31-492F-4548-B204-3DA3705CD7DE}"
EndProject
Global
	GlobalSection(SolutionConfigurationPlatforms) = preSolution
		Debug|Any CPU = Debug|Any CPU
		Release|Any CPU = Release|Any CPU
	EndGlobalSection
	GlobalSection(ProjectConfigurationPlatforms) = postSolution
		{7274364F-17DE-442E-8E1F-FE4C9BCB0633}.Debug|Any CPU.ActiveCfg = Debug|Any CPU
		{7274364F-17DE-442E-8E1F-FE4C9BCB0633}.Debug|Any CPU.Build.0 = Debug|Any CPU
		{7274364F-17DE-442E-8E1F-FE4C9BCB0633}.Release|Any CPU.ActiveCfg = Release|Any CPU
		{7274364F-17DE-442E-8E1F-FE4C9BCB0633}.Release|Any CPU.Build.0 = Release|Any CPU
		{C3712E31-492F-4548-B204-3DA3705CD7DE}.Debug|Any CPU.ActiveCfg = Debug|Any CPU
		{C3712E31-492F-4548-B204-3DA3705CD7DE}.Debug|Any CPU.Build.0 = Debug|Any CPU
		{C3712E31-492F-4548-B204-3DA3705CD7DE}.Release|Any CPU.ActiveCfg = Release|Any CPU
		{C3712E31-492F-4548-B204-3DA3705CD7DE}.Release|Any CPU.Build.0 = Release|Any CPU
	EndGlobalSection
	GlobalSection(SolutionProperties) = preSolution
		HideSolutionNode = FALSE
	EndGlobalSection
	GlobalSection(ExtensibilityGlobals) = postSolution
		SolutionGuid = {8E1452F3-04D7-4DFD-A1FC-4E211E61C43E}
	EndGlobalSection
EndGlobal
